
Microsoft Visual Studio Solution File, Format Version 12.00
# Visual Studio Version 17
VisualStudioVersion = 17.9.34701.34
MinimumVisualStudioVersion = 10.0.40219.1
Project("{FAE04EC0-301F-11D3-BF4B-00C04F79EFBC}") = "Спортивные мероприятия", "Sport_progect\Спортивные мероприятия.csproj", "{A81CC293-15C5-4D4F-B58B-04C14CBEACE1}"
EndProject
Global
	GlobalSection(SolutionConfigurationPlatforms) = preSolution
		Debug|Any CPU = Debug|Any CPU
		Release|Any CPU = Release|Any CPU
	EndGlobalSection
	GlobalSection(ProjectConfigurationPlatforms) = postSolution
		{A81CC293-15C5-4D4F-B58B-04C14CBEACE1}.Debug|Any CPU.ActiveCfg = Debug|Any CPU
		{A81CC293-15C5-4D4F-B58B-04C14CBEACE1}.Debug|Any CPU.Build.0 = Debug|Any CPU
		{A81CC293-15C5-4D4F-B58B-04C14CBEACE1}.Release|Any CPU.ActiveCfg = Release|Any CPU
		{A81CC293-15C5-4D4F-B58B-04C14CBEACE1}.Release|Any CPU.Build.0 = Release|Any CPU
	EndGlobalSection
	GlobalSection(SolutionProperties) = preSolution
		HideSolutionNode = FALSE
	EndGlobalSection
	GlobalSection(ExtensibilityGlobals) = postSolution
		SolutionGuid = {55DD14A1-24FB-4553-9B41-97B44A6FD075}
	EndGlobalSection
EndGlobal
